
Microsoft Visual Studio Solution File, Format Version 12.00
# Visual Studio Version 17
VisualStudioVersion = 17.7.34202.233
MinimumVisualStudioVersion = 10.0.40219.1
Project("{FAE04EC0-301F-11D3-BF4B-00C04F79EFBC}") = "BlazorApp2.Server", "BlazorApp2\Server\BlazorApp2.Server.csproj", "{4398CDD4-B2E7-45FF-A34E-B8793F7562A2}"
EndProject
Project("{FAE04EC0-301F-11D3-BF4B-00C04F79EFBC}") = "BlazorApp2.Client", "BlazorApp2\Client\BlazorApp2.Client.csproj", "{70A1B9E9-B09D-4169-869C-7DD7F2855C1B}"
EndProject
Project("{FAE04EC0-301F-11D3-BF4B-00C04F79EFBC}") = "BlazorApp2.Shared", "BlazorApp2\Shared\BlazorApp2.Shared.csproj", "{1A5F9150-4556-4D64-B7CA-751A2C213898}"
EndProject
Global
	GlobalSection(SolutionConfigurationPlatforms) = preSolution
		Debug|Any CPU = Debug|Any CPU
		Release|Any CPU = Release|Any CPU
	EndGlobalSection
	GlobalSection(ProjectConfigurationPlatforms) = postSolution
		{4398CDD4-B2E7-45FF-A34E-B8793F7562A2}.Debug|Any CPU.ActiveCfg = Debug|Any CPU
		{4398CDD4-B2E7-45FF-A34E-B8793F7562A2}.Debug|Any CPU.Build.0 = Debug|Any CPU
		{4398CDD4-B2E7-45FF-A34E-B8793F7562A2}.Release|Any CPU.ActiveCfg = Release|Any CPU
		{4398CDD4-B2E7-45FF-A34E-B8793F7562A2}.Release|Any CPU.Build.0 = Release|Any CPU
		{70A1B9E9-B09D-4169-869C-7DD7F2855C1B}.Debug|Any CPU.ActiveCfg = Debug|Any CPU
		{70A1B9E9-B09D-4169-869C-7DD7F2855C1B}.Debug|Any CPU.Build.0 = Debug|Any CPU
		{70A1B9E9-B09D-4169-869C-7DD7F2855C1B}.Release|Any CPU.ActiveCfg = Release|Any CPU
		{70A1B9E9-B09D-4169-869C-7DD7F2855C1B}.Release|Any CPU.Build.0 = Release|Any CPU
		{1A5F9150-4556-4D64-B7CA-751A2C213898}.Debug|Any CPU.ActiveCfg = Debug|Any CPU
		{1A5F9150-4556-4D64-B7CA-751A2C213898}.Debug|Any CPU.Build.0 = Debug|Any CPU
		{1A5F9150-4556-4D64-B7CA-751A2C213898}.Release|Any CPU.ActiveCfg = Release|Any CPU
		{1A5F9150-4556-4D64-B7CA-751A2C213898}.Release|Any CPU.Build.0 = Release|Any CPU
	EndGlobalSection
	GlobalSection(SolutionProperties) = preSolution
		HideSolutionNode = FALSE
	EndGlobalSection
	GlobalSection(ExtensibilityGlobals) = postSolution
		SolutionGuid = {688616F8-F7C1-496A-A1D0-72688C9E4C9C}
	EndGlobalSection
EndGlobal
